
Microsoft Visual Studio Solution File, Format Version 11.00
# Visual C# Express 2010
Project("{FAE04EC0-301F-11D3-BF4B-00C04F79EFBC}") = "UsingControls", "UsingControls.csproj", "{4CB45FBC-ACE2-4AFC-8AE6-0B853A91CCA2}"
EndProject
Global
	GlobalSection(SolutionConfigurationPlatforms) = preSolution
		Debug|x86 = Debug|x86
		Release|x86 = Release|x86
	EndGlobalSection
	GlobalSection(ProjectConfigurationPlatforms) = postSolution
		{4CB45FBC-ACE2-4AFC-8AE6-0B853A91CCA2}.Debug|x86.ActiveCfg = Debug|x86
		{4CB45FBC-ACE2-4AFC-8AE6-0B853A91CCA2}.Debug|x86.Build.0 = Debug|x86
		{4CB45FBC-ACE2-4AFC-8AE6-0B853A91CCA2}.Release|x86.ActiveCfg = Release|x86
		{4CB45FBC-ACE2-4AFC-8AE6-0B853A91CCA2}.Release|x86.Build.0 = Release|x86
	EndGlobalSection
	GlobalSection(SolutionProperties) = preSolution
		HideSolutionNode = FALSE
	EndGlobalSection
EndGlobal
