
Microsoft Visual Studio Solution File, Format Version 12.00
# Visual Studio 2017
Project("{FAE04EC0-301F-11D3-BF4B-00C04F79EFBC}") = "dyros_RL_simulator", "dyros_RL_simulator.csproj", "{614CC8CE-A0F0-333F-2C11-3539A721E159}"
EndProject
Global
	GlobalSection(SolutionConfigurationPlatforms) = preSolution
		Debug|Any CPU = Debug|Any CPU
		Release|Any CPU = Release|Any CPU
	EndGlobalSection
	GlobalSection(ProjectConfigurationPlatforms) = postSolution
		{614CC8CE-A0F0-333F-2C11-3539A721E159}.Debug|Any CPU.ActiveCfg = Debug|Any CPU
		{614CC8CE-A0F0-333F-2C11-3539A721E159}.Debug|Any CPU.Build.0 = Debug|Any CPU
		{614CC8CE-A0F0-333F-2C11-3539A721E159}.Release|Any CPU.ActiveCfg = Release|Any CPU
		{614CC8CE-A0F0-333F-2C11-3539A721E159}.Release|Any CPU.Build.0 = Release|Any CPU
	EndGlobalSection
	GlobalSection(SolutionProperties) = preSolution
		HideSolutionNode = FALSE
	EndGlobalSection
EndGlobal
