
Microsoft Visual Studio Solution File, Format Version 11.00
# Visual Studio 2010
Project("{8BC9CEB8-8B4A-11D0-8D11-00A0C91BC942}") = "01", "01\01.vcxproj", "{C2E3CA33-54C1-4C4D-95E8-E83E79DB18F7}"
EndProject
Project("{8BC9CEB8-8B4A-11D0-8D11-00A0C91BC942}") = "02", "02\02.vcxproj", "{78E02DCF-1C0D-49AE-9172-69EA04437AC2}"
EndProject
Project("{8BC9CEB8-8B4A-11D0-8D11-00A0C91BC942}") = "03", "03\03.vcxproj", "{A9BB556D-744A-4999-99A2-109182F24892}"
EndProject
Project("{8BC9CEB8-8B4A-11D0-8D11-00A0C91BC942}") = "04", "04\04.vcxproj", "{6BEFE992-7AA5-4057-BEE7-CC559AE604EB}"
EndProject
Project("{8BC9CEB8-8B4A-11D0-8D11-00A0C91BC942}") = "05", "05\05.vcxproj", "{4BC8F40A-820B-4BDF-B62B-3CD0CA619405}"
EndProject
Project("{8BC9CEB8-8B4A-11D0-8D11-00A0C91BC942}") = "06", "06\06.vcxproj", "{2BFC9040-2005-431E-831C-447BF2C347A0}"
EndProject
Project("{8BC9CEB8-8B4A-11D0-8D11-00A0C91BC942}") = "07", "07\07.vcxproj", "{B6EA9154-ECA8-4320-8055-1983D4400E40}"
EndProject
Project("{8BC9CEB8-8B4A-11D0-8D11-00A0C91BC942}") = "08", "08\08.vcxproj", "{2A2A0C4B-BD4E-43E7-93FD-CC66C3C3DE1F}"
EndProject
Project("{8BC9CEB8-8B4A-11D0-8D11-00A0C91BC942}") = "09", "09\09.vcxproj", "{D263F0EA-06BB-4544-AECA-063F49837E84}"
EndProject
Project("{8BC9CEB8-8B4A-11D0-8D11-00A0C91BC942}") = "10", "10\10.vcxproj", "{66527DC3-83DA-4D8F-A599-CDCFDAB23E36}"
EndProject
Project("{8BC9CEB8-8B4A-11D0-8D11-00A0C91BC942}") = "11", "11\11.vcxproj", "{7936BB73-4394-4534-A70C-4B7C08BF76EC}"
EndProject
Project("{8BC9CEB8-8B4A-11D0-8D11-00A0C91BC942}") = "12", "12\12.vcxproj", "{761D8A5C-347B-4684-9D14-AC8C33D321B8}"
EndProject
Global
	GlobalSection(SolutionConfigurationPlatforms) = preSolution
		Debug|Win32 = Debug|Win32
		Release|Win32 = Release|Win32
	EndGlobalSection
	GlobalSection(ProjectConfigurationPlatforms) = postSolution
		{C2E3CA33-54C1-4C4D-95E8-E83E79DB18F7}.Debug|Win32.ActiveCfg = Debug|Win32
		{C2E3CA33-54C1-4C4D-95E8-E83E79DB18F7}.Debug|Win32.Build.0 = Debug|Win32
		{C2E3CA33-54C1-4C4D-95E8-E83E79DB18F7}.Release|Win32.ActiveCfg = Release|Win32
		{C2E3CA33-54C1-4C4D-95E8-E83E79DB18F7}.Release|Win32.Build.0 = Release|Win32
		{78E02DCF-1C0D-49AE-9172-69EA04437AC2}.Debug|Win32.ActiveCfg = Debug|Win32
		{78E02DCF-1C0D-49AE-9172-69EA04437AC2}.Debug|Win32.Build.0 = Debug|Win32
		{78E02DCF-1C0D-49AE-9172-69EA04437AC2}.Release|Win32.ActiveCfg = Release|Win32
		{78E02DCF-1C0D-49AE-9172-69EA04437AC2}.Release|Win32.Build.0 = Release|Win32
		{A9BB556D-744A-4999-99A2-109182F24892}.Debug|Win32.ActiveCfg = Debug|Win32
		{A9BB556D-744A-4999-99A2-109182F24892}.Debug|Win32.Build.0 = Debug|Win32
		{A9BB556D-744A-4999-99A2-109182F24892}.Release|Win32.ActiveCfg = Release|Win32
		{A9BB556D-744A-4999-99A2-109182F24892}.Release|Win32.Build.0 = Release|Win32
		{6BEFE992-7AA5-4057-BEE7-CC559AE604EB}.Debug|Win32.ActiveCfg = Debug|Win32
		{6BEFE992-7AA5-4057-BEE7-CC559AE604EB}.Debug|Win32.Build.0 = Debug|Win32
		{6BEFE992-7AA5-4057-BEE7-CC559AE604EB}.Release|Win32.ActiveCfg = Release|Win32
		{6BEFE992-7AA5-4057-BEE7-CC559AE604EB}.Release|Win32.Build.0 = Release|Win32
		{4BC8F40A-820B-4BDF-B62B-3CD0CA619405}.Debug|Win32.ActiveCfg = Debug|Win32
		{4BC8F40A-820B-4BDF-B62B-3CD0CA619405}.Debug|Win32.Build.0 = Debug|Win32
		{4BC8F40A-820B-4BDF-B62B-3CD0CA619405}.Release|Win32.ActiveCfg = Release|Win32
		{4BC8F40A-820B-4BDF-B62B-3CD0CA619405}.Release|Win32.Build.0 = Release|Win32
		{2BFC9040-2005-431E-831C-447BF2C347A0}.Debug|Win32.ActiveCfg = Debug|Win32
		{2BFC9040-2005-431E-831C-447BF2C347A0}.Debug|Win32.Build.0 = Debug|Win32
		{2BFC9040-2005-431E-831C-447BF2C347A0}.Release|Win32.ActiveCfg = Release|Win32
		{2BFC9040-2005-431E-831C-447BF2C347A0}.Release|Win32.Build.0 = Release|Win32
		{B6EA9154-ECA8-4320-8055-1983D4400E40}.Debug|Win32.ActiveCfg = Debug|Win32
		{B6EA9154-ECA8-4320-8055-1983D4400E40}.Debug|Win32.Build.0 = Debug|Win32
		{B6EA9154-ECA8-4320-8055-1983D4400E40}.Release|Win32.ActiveCfg = Release|Win32
		{B6EA9154-ECA8-4320-8055-1983D4400E40}.Release|Win32.Build.0 = Release|Win32
		{2A2A0C4B-BD4E-43E7-93FD-CC66C3C3DE1F}.Debug|Win32.ActiveCfg = Debug|Win32
		{2A2A0C4B-BD4E-43E7-93FD-CC66C3C3DE1F}.Debug|Win32.Build.0 = Debug|Win32
		{2A2A0C4B-BD4E-43E7-93FD-CC66C3C3DE1F}.Release|Win32.ActiveCfg = Release|Win32
		{2A2A0C4B-BD4E-43E7-93FD-CC66C3C3DE1F}.Release|Win32.Build.0 = Release|Win32
		{D263F0EA-06BB-4544-AECA-063F49837E84}.Debug|Win32.ActiveCfg = Debug|Win32
		{D263F0EA-06BB-4544-AECA-063F49837E84}.Debug|Win32.Build.0 = Debug|Win32
		{D263F0EA-06BB-4544-AECA-063F49837E84}.Release|Win32.ActiveCfg = Release|Win32
		{D263F0EA-06BB-4544-AECA-063F49837E84}.Release|Win32.Build.0 = Release|Win32
		{66527DC3-83DA-4D8F-A599-CDCFDAB23E36}.Debug|Win32.ActiveCfg = Debug|Win32
		{66527DC3-83DA-4D8F-A599-CDCFDAB23E36}.Debug|Win32.Build.0 = Debug|Win32
		{66527DC3-83DA-4D8F-A599-CDCFDAB23E36}.Release|Win32.ActiveCfg = Release|Win32
		{66527DC3-83DA-4D8F-A599-CDCFDAB23E36}.Release|Win32.Build.0 = Release|Win32
		{7936BB73-4394-4534-A70C-4B7C08BF76EC}.Debug|Win32.ActiveCfg = Debug|Win32
		{7936BB73-4394-4534-A70C-4B7C08BF76EC}.Debug|Win32.Build.0 = Debug|Win32
		{7936BB73-4394-4534-A70C-4B7C08BF76EC}.Release|Win32.ActiveCfg = Release|Win32
		{7936BB73-4394-4534-A70C-4B7C08BF76EC}.Release|Win32.Build.0 = Release|Win32
		{761D8A5C-347B-4684-9D14-AC8C33D321B8}.Debug|Win32.ActiveCfg = Debug|Win32
		{761D8A5C-347B-4684-9D14-AC8C33D321B8}.Debug|Win32.Build.0 = Debug|Win32
		{761D8A5C-347B-4684-9D14-AC8C33D321B8}.Release|Win32.ActiveCfg = Release|Win32
		{761D8A5C-347B-4684-9D14-AC8C33D321B8}.Release|Win32.Build.0 = Release|Win32
	EndGlobalSection
	GlobalSection(SolutionProperties) = preSolution
		HideSolutionNode = FALSE
	EndGlobalSection
EndGlobal
