
Microsoft Visual Studio Solution File, Format Version 12.00
# Visual Studio 2012
Project("{FAE04EC0-301F-11D3-BF4B-00C04F79EFBC}") = "AsyncFileIOWinForm", "AsyncFileIOWinForm\AsyncFileIOWinForm.csproj", "{5A6B8CAA-6F6D-493D-91ED-A2DB2D7AA85F}"
EndProject
Global
	GlobalSection(SolutionConfigurationPlatforms) = preSolution
		Debug|Any CPU = Debug|Any CPU
		Release|Any CPU = Release|Any CPU
	EndGlobalSection
	GlobalSection(ProjectConfigurationPlatforms) = postSolution
		{5A6B8CAA-6F6D-493D-91ED-A2DB2D7AA85F}.Debug|Any CPU.ActiveCfg = Debug|Any CPU
		{5A6B8CAA-6F6D-493D-91ED-A2DB2D7AA85F}.Debug|Any CPU.Build.0 = Debug|Any CPU
		{5A6B8CAA-6F6D-493D-91ED-A2DB2D7AA85F}.Release|Any CPU.ActiveCfg = Release|Any CPU
		{5A6B8CAA-6F6D-493D-91ED-A2DB2D7AA85F}.Release|Any CPU.Build.0 = Release|Any CPU
	EndGlobalSection
	GlobalSection(SolutionProperties) = preSolution
		HideSolutionNode = FALSE
	EndGlobalSection
EndGlobal
